{
  "name": "example",
  "version": "1.0.0",
  "lockfileVersion": 2,
  "requires": true,
  "packages": {
    "": {
      "name": "example",
      "version": "1.0.0",
      "license": "ISC",
      "dependencies": {
        "@zhupengji/create-config": "file:.."
      }
    },
    "..": {
      "name": "@zhupengji/create-config",
      "version": "1.0.2",
      "license": "ISC",
      "dependencies": {
        "chalk": "4.1.2",
        "commander": "^9.4.0",
        "dotenv": "^16.0.2",
        "fs-extra": "^10.1.0",
        "standard-version": "^9.5.0"
      },
      "bin": {
        "create-config": "bin/index.js"
      }
    },
    "node_modules/@zhupengji/create-config": {
      "resolved": "..",
      "link": true
    }
  },
  "dependencies": {
    "@zhupengji/create-config": {
      "version": "file:..",
      "requires": {
        "chalk": "4.1.2",
        "commander": "^9.4.0",
        "dotenv": "^16.0.2",
        "fs-extra": "^10.1.0",
        "standard-version": "^9.5.0"
      }
    }
  }
}
